
Microsoft Visual Studio Solution File, Format Version 12.00
# Visual Studio Version 17
VisualStudioVersion = 17.7.34031.279
MinimumVisualStudioVersion = 10.0.40219.1
Project("{FAE04EC0-301F-11D3-BF4B-00C04F79EFBC}") = "while 4 815", "while 4 815\while 4 815.csproj", "{EE3F58FC-12DE-4A5F-989A-346A11E1BCA2}"
EndProject
Global
	GlobalSection(SolutionConfigurationPlatforms) = preSolution
		Debug|Any CPU = Debug|Any CPU
		Release|Any CPU = Release|Any CPU
	EndGlobalSection
	GlobalSection(ProjectConfigurationPlatforms) = postSolution
		{EE3F58FC-12DE-4A5F-989A-346A11E1BCA2}.Debug|Any CPU.ActiveCfg = Debug|Any CPU
		{EE3F58FC-12DE-4A5F-989A-346A11E1BCA2}.Debug|Any CPU.Build.0 = Debug|Any CPU
		{EE3F58FC-12DE-4A5F-989A-346A11E1BCA2}.Release|Any CPU.ActiveCfg = Release|Any CPU
		{EE3F58FC-12DE-4A5F-989A-346A11E1BCA2}.Release|Any CPU.Build.0 = Release|Any CPU
	EndGlobalSection
	GlobalSection(SolutionProperties) = preSolution
		HideSolutionNode = FALSE
	EndGlobalSection
	GlobalSection(ExtensibilityGlobals) = postSolution
		SolutionGuid = {E636F149-4A10-49BF-B5ED-F6C61DB742DB}
	EndGlobalSection
EndGlobal
